Microsoft Visual Studio Solution File, Format Version 12.00
# Visual Studio Version 17
VisualStudioVersion = 17.5.2.0
MinimumVisualStudioVersion = 10.0.40219.1
Project("{FAE04EC0-301F-11D3-BF4B-00C04F79EFBC}") = "SafeByte", "SafeByte.csproj", "{062562A2-4C2E-409F-80C9-0678CA7B1883}"
EndProject
Global
	GlobalSection(SolutionConfigurationPlatforms) = preSolution
		Debug|Any CPU = Debug|Any CPU
		Release|Any CPU = Release|Any CPU
	EndGlobalSection
	GlobalSection(ProjectConfigurationPlatforms) = postSolution
		{062562A2-4C2E-409F-80C9-0678CA7B1883}.Debug|Any CPU.ActiveCfg = Debug|Any CPU
		{062562A2-4C2E-409F-80C9-0678CA7B1883}.Debug|Any CPU.Build.0 = Debug|Any CPU
		{062562A2-4C2E-409F-80C9-0678CA7B1883}.Release|Any CPU.ActiveCfg = Release|Any CPU
		{062562A2-4C2E-409F-80C9-0678CA7B1883}.Release|Any CPU.Build.0 = Release|Any CPU
	EndGlobalSection
	GlobalSection(SolutionProperties) = preSolution
		HideSolutionNode = FALSE
	EndGlobalSection
	GlobalSection(ExtensibilityGlobals) = postSolution
		SolutionGuid = {9CF83032-D6CD-489E-A615-38E14251A5CF}
	EndGlobalSection
EndGlobal
